<?xml version="1.0" encoding="utf-8"?>
<Project ToolsVersion="4.0" xmlns="http://schemas.microsoft.com/developer/msbuild/2003">
  <ItemGroup>
    <Filter Include="Core">
      <UniqueIdentifier>{3030391c-1688-453d-a622-f3b215268ed2}</UniqueIdentifier>
    </Filter>
    <Filter Include="Utils">
      <UniqueIdentifier>{3daf93e0-7739-462a-b028-6fdbee359766}</UniqueIdentifier>
    </Filter>
    <Filter Include="Network">
      <UniqueIdentifier>{0fec830f-a30d-4150-945d-53820a0b91ab}</UniqueIdentifier>
    </Filter>
    <Filter Include="Database">
      <UniqueIdentifier>{dc8f0d00-d851-4ec8-90ad-96efe1a55a9b}</UniqueIdentifier>
    </Filter>
    <Filter Include="Resource Files">
      <UniqueIdentifier>{0530ca26-92ac-4cca-bed4-69331631260d}</UniqueIdentifier>
      <Extensions>rc;ico;cur;bmp;dlg;rc2;rct;bin;rgs;gif;jpg;jpeg;jpe;resx;tiff;tif;png;wav;mfcribbon-ms</Extensions>
    </Filter>
  </ItemGroup>
  <ItemGroup>
    <ClInclude Include="..\..\..\Util\Sha256\Sha256.h">
    </ClInclude>
    <ClInclude Include="Core\AllowableIpList.h">
      <Filter>Core</Filter>
    </ClInclude>
    <ClInclude Include="Core\BadSyntax.h">
      <Filter>Core</Filter>
    </ClInclude>
    <ClInclude Include="Core\CharacterManager.h">
      <Filter>Core</Filter>
    </ClInclude>
    <ClInclude Include="Core\CommandManager.h">
      <Filter>Core</Filter>
    </ClInclude>
    <ClInclude Include="Utils\CriticalSection.h">
      <Filter>Utils</Filter>
    </ClInclude>
    <ClInclude Include="Core\CustomDailyReward.h">
      <Filter>Core</Filter>
    </ClInclude>
    <ClInclude Include="Core\Reconnect.h">
      <Filter>Core</Filter>
    </ClInclude>
    <ClInclude Include="Core\CustomPick.h">
      <Filter>Core</Filter>
    </ClInclude>
    <ClInclude Include="Core\DataServer.h">
      <Filter>Core</Filter>
    </ClInclude>
    <ClInclude Include="Network\DataServerProtocol.h">
      <Filter>Network</Filter>
    </ClInclude>
    <ClInclude Include="Core\GoldenArcher.h">
      <Filter>Core</Filter>
    </ClInclude>
    <ClInclude Include="Core\Guild.h">
      <Filter>Core</Filter>
    </ClInclude>
    <ClInclude Include="Core\GuildManager.h">
      <Filter>Core</Filter>
    </ClInclude>
    <ClInclude Include="Core\ItemManager.h">
      <Filter>Core</Filter>
    </ClInclude>
    <ClInclude Include="Utils\Log.h">
      <Filter>Utils</Filter>
    </ClInclude>
    <ClInclude Include="Utils\MemScript.h">
      <Filter>Utils</Filter>
    </ClInclude>
    <ClInclude Include="Utils\MiniDump.h">
      <Filter>Utils</Filter>
    </ClInclude>
    <ClInclude Include="Core\PeriodicItem.h">
      <Filter>Core</Filter>
    </ClInclude>
    <ClInclude Include="Database\QueryManager.h">
      <Filter>Database</Filter>
    </ClInclude>
    <ClInclude Include="Core\Quest.h">
      <Filter>Core</Filter>
    </ClInclude>
    <ClInclude Include="Utils\Queue.h">
      <Filter>Utils</Filter>
    </ClInclude>
    <ClInclude Include="Resource.h">
    </ClInclude>
    <ClInclude Include="Core\ServerDisplayer.h">
      <Filter>Core</Filter>
    </ClInclude>
    <ClInclude Include="Core\ServerManager.h">
      <Filter>Core</Filter>
    </ClInclude>
    <ClInclude Include="Network\SocketManager.h">
      <Filter>Network</Filter>
    </ClInclude>
    <ClInclude Include="stdafx.h">
    </ClInclude>
    <ClInclude Include="ThemidaSDK.h">
    </ClInclude>
    <ClInclude Include="Utils\Util.h">
      <Filter>Utils</Filter>
    </ClInclude>
    <ClInclude Include="Core\Warehouse.h">
      <Filter>Core</Filter>
    </ClInclude>
  </ItemGroup>
  <ItemGroup>
    <ClCompile Include="..\..\..\Util\Sha256\Sha256.cpp">
    </ClCompile>
    <ClCompile Include="Core\AllowableIpList.cpp">
      <Filter>Core</Filter>
    </ClCompile>
    <ClCompile Include="Core\BadSyntax.cpp">
      <Filter>Core</Filter>
    </ClCompile>
    <ClCompile Include="Core\CharacterManager.cpp">
      <Filter>Core</Filter>
    </ClCompile>
    <ClCompile Include="Core\CommandManager.cpp">
      <Filter>Core</Filter>
    </ClCompile>
    <ClCompile Include="Utils\CriticalSection.cpp">
      <Filter>Utils</Filter>
    </ClCompile>
    <ClCompile Include="Core\CustomDailyReward.cpp">
      <Filter>Core</Filter>
    </ClCompile>
    <ClCompile Include="Core\Reconnect.cpp">
      <Filter>Core</Filter>
    </ClCompile>
    <ClCompile Include="Core\CustomPick.cpp">
      <Filter>Core</Filter>
    </ClCompile>
    <ClCompile Include="Core\DataServer.cpp">
      <Filter>Core</Filter>
    </ClCompile>
    <ClCompile Include="Network\DataServerProtocol.cpp">
      <Filter>Network</Filter>
    </ClCompile>
    <ClCompile Include="Core\GoldenArcher.cpp">
      <Filter>Core</Filter>
    </ClCompile>
    <ClCompile Include="Core\Guild.cpp">
      <Filter>Core</Filter>
    </ClCompile>
    <ClCompile Include="Core\GuildManager.cpp">
      <Filter>Core</Filter>
    </ClCompile>
    <ClCompile Include="Core\ItemManager.cpp">
      <Filter>Core</Filter>
    </ClCompile>
    <ClCompile Include="Utils\Log.cpp">
      <Filter>Utils</Filter>
    </ClCompile>
    <ClCompile Include="Utils\MemScript.cpp">
      <Filter>Utils</Filter>
    </ClCompile>
    <ClCompile Include="Utils\MiniDump.cpp">
      <Filter>Utils</Filter>
    </ClCompile>
    <ClCompile Include="Core\PeriodicItem.cpp">
      <Filter>Core</Filter>
    </ClCompile>
    <ClCompile Include="Database\QueryManager.cpp">
      <Filter>Database</Filter>
    </ClCompile>
    <ClCompile Include="Core\Quest.cpp">
      <Filter>Core</Filter>
    </ClCompile>
    <ClCompile Include="Utils\Queue.cpp">
      <Filter>Utils</Filter>
    </ClCompile>
    <ClCompile Include="Core\ServerDisplayer.cpp">
      <Filter>Core</Filter>
    </ClCompile>
    <ClCompile Include="Core\ServerManager.cpp">
      <Filter>Core</Filter>
    </ClCompile>
    <ClCompile Include="Network\SocketManager.cpp">
      <Filter>Network</Filter>
    </ClCompile>
    <ClCompile Include="stdafx.cpp">
      <PrecompiledHeader Condition="'$(Configuration)|$(Platform)'=='Release|Win32'">Create</PrecompiledHeader>
      <PrecompiledHeader Condition="'$(Configuration)|$(Platform)'=='0.97K KOR|Win32'">Create</PrecompiledHeader>
    </ClCompile>
    <ClCompile Include="Utils\Util.cpp">
      <Filter>Utils</Filter>
    </ClCompile>
    <ClCompile Include="Core\Warehouse.cpp">
      <Filter>Core</Filter>
    </ClCompile>
  </ItemGroup>
  <ItemGroup>
    <ResourceCompile Include="DataServer.rc">
      <Filter>Resource Files</Filter>
    </ResourceCompile>
  </ItemGroup>
  <ItemGroup>
    <None Include="..\..\Media\SSeMU.ico">
      <Filter>Resource Files</Filter>
    </None>
    <None Include="..\..\Media\TopBar.bmp">
      <Filter>Resource Files</Filter>
    </None>
    <None Include="..\..\Media\TopBar2.bmp">
      <Filter>Resource Files</Filter>
    </None>
  </ItemGroup>
</Project>
