<?xml version="1.0" encoding="utf-8"?>
<Project ToolsVersion="4.0" xmlns="http://schemas.microsoft.com/developer/msbuild/2003">
  <ItemGroup>
    <Filter Include="Core">
      <UniqueIdentifier>{91d8abbf-d99e-4f29-a641-31e19631bdc8}</UniqueIdentifier>
    </Filter>
    <Filter Include="Utils">
      <UniqueIdentifier>{9ab5a65d-048e-4e2b-b233-04559cf1dd90}</UniqueIdentifier>
    </Filter>
    <Filter Include="Network">
      <UniqueIdentifier>{d5c90d6a-4913-4e53-857f-535feb623b8b}</UniqueIdentifier>
    </Filter>
    <Filter Include="Database">
      <UniqueIdentifier>{986118e6-423f-4a46-97ac-49d5b3e4c088}</UniqueIdentifier>
    </Filter>
    <Filter Include="Resource Files">
      <UniqueIdentifier>{286dcca7-8d86-4d17-b4e8-37f0cff26e57}</UniqueIdentifier>
      <Extensions>rc;ico;cur;bmp;dlg;rc2;rct;bin;rgs;gif;jpg;jpeg;jpe;resx;tiff;tif;png;wav;mfcribbon-ms</Extensions>
    </Filter>
  </ItemGroup>
  <ItemGroup>
    <ClInclude Include="..\..\..\Util\Sha256\Sha256.h">
    </ClInclude>
    <ClInclude Include="Core\AccountManager.h">
      <Filter>Core</Filter>
    </ClInclude>
    <ClInclude Include="Core\AllowableIpList.h">
      <Filter>Core</Filter>
    </ClInclude>
    <ClInclude Include="Utils\CriticalSection.h">
      <Filter>Utils</Filter>
    </ClInclude>
    <ClInclude Include="Core\JoinServer.h">
      <Filter>Core</Filter>
    </ClInclude>
    <ClInclude Include="Network\JoinServerProtocol.h">
      <Filter>Network</Filter>
    </ClInclude>
    <ClInclude Include="Utils\Log.h">
      <Filter>Utils</Filter>
    </ClInclude>
    <ClInclude Include="Utils\MD5.h">
      <Filter>Utils</Filter>
    </ClInclude>
    <ClInclude Include="Utils\MD5_KEYVAL.H">
      <Filter>Utils</Filter>
    </ClInclude>
    <ClInclude Include="Utils\MemScript.h">
      <Filter>Utils</Filter>
    </ClInclude>
    <ClInclude Include="Utils\MiniDump.h">
      <Filter>Utils</Filter>
    </ClInclude>
    <ClInclude Include="Database\QueryManager.h">
      <Filter>Database</Filter>
    </ClInclude>
    <ClInclude Include="Utils\Queue.h">
      <Filter>Utils</Filter>
    </ClInclude>
    <ClInclude Include="Resource.h">
    </ClInclude>
    <ClInclude Include="Core\ServerDisplayer.h">
      <Filter>Core</Filter>
    </ClInclude>
    <ClInclude Include="Core\ServerManager.h">
      <Filter>Core</Filter>
    </ClInclude>
    <ClInclude Include="Network\SocketManager.h">
      <Filter>Network</Filter>
    </ClInclude>
    <ClInclude Include="Network\SocketManagerUdp.h">
      <Filter>Network</Filter>
    </ClInclude>
    <ClInclude Include="stdafx.h">
    </ClInclude>
    <ClInclude Include="ThemidaSDK.h">
    </ClInclude>
    <ClInclude Include="Utils\Util.h">
      <Filter>Utils</Filter>
    </ClInclude>
  </ItemGroup>
  <ItemGroup>
    <ClCompile Include="..\..\..\Util\Sha256\Sha256.cpp">
    </ClCompile>
    <ClCompile Include="Core\AccountManager.cpp">
      <Filter>Core</Filter>
    </ClCompile>
    <ClCompile Include="Core\AllowableIpList.cpp">
      <Filter>Core</Filter>
    </ClCompile>
    <ClCompile Include="Utils\CriticalSection.cpp">
      <Filter>Utils</Filter>
    </ClCompile>
    <ClCompile Include="Core\JoinServer.cpp">
      <Filter>Core</Filter>
    </ClCompile>
    <ClCompile Include="Network\JoinServerProtocol.cpp">
      <Filter>Network</Filter>
    </ClCompile>
    <ClCompile Include="Utils\Log.cpp">
      <Filter>Utils</Filter>
    </ClCompile>
    <ClCompile Include="Utils\MD5.cpp">
      <Filter>Utils</Filter>
    </ClCompile>
    <ClCompile Include="Utils\MemScript.cpp">
      <Filter>Utils</Filter>
    </ClCompile>
    <ClCompile Include="Utils\MiniDump.cpp">
      <Filter>Utils</Filter>
    </ClCompile>
    <ClCompile Include="Database\QueryManager.cpp">
      <Filter>Database</Filter>
    </ClCompile>
    <ClCompile Include="Utils\Queue.cpp">
      <Filter>Utils</Filter>
    </ClCompile>
    <ClCompile Include="Core\ServerDisplayer.cpp">
      <Filter>Core</Filter>
    </ClCompile>
    <ClCompile Include="Core\ServerManager.cpp">
      <Filter>Core</Filter>
    </ClCompile>
    <ClCompile Include="Network\SocketManager.cpp">
      <Filter>Network</Filter>
    </ClCompile>
    <ClCompile Include="Network\SocketManagerUdp.cpp">
      <Filter>Network</Filter>
    </ClCompile>
    <ClCompile Include="stdafx.cpp">
      <PrecompiledHeader Condition="'$(Configuration)|$(Platform)'=='Release|Win32'">Create</PrecompiledHeader>
      <PrecompiledHeader Condition="'$(Configuration)|$(Platform)'=='0.97K KOR|Win32'">Create</PrecompiledHeader>
    </ClCompile>
    <ClCompile Include="Utils\Util.cpp">
      <Filter>Utils</Filter>
    </ClCompile>
  </ItemGroup>
  <ItemGroup>
    <ResourceCompile Include="JoinServer.rc">
      <Filter>Resource Files</Filter>
    </ResourceCompile>
  </ItemGroup>
  <ItemGroup>
    <None Include="..\..\Media\SSeMU.ico">
      <Filter>Resource Files</Filter>
    </None>
    <None Include="..\..\Media\TopBar.bmp">
      <Filter>Resource Files</Filter>
    </None>
  </ItemGroup>
</Project>
